
Microsoft Visual Studio Solution File, Format Version 12.00
# Visual Studio 15
VisualStudioVersion = 15.0.28307.1267
MinimumVisualStudioVersion = 10.0.40219.1
Project("{FAE04EC0-301F-11D3-BF4B-00C04F79EFBC}") = "ClientChatApp_018_RamadhanFirdausNurmoyo", "ClientChatApp_018_RamadhanFirdausNurmoyo\ClientChatApp_018_RamadhanFirdausNurmoyo.csproj", "{60B91564-A688-4282-AF82-E1EEE3E492F5}"
EndProject
Global
	GlobalSection(SolutionConfigurationPlatforms) = preSolution
		Debug|Any CPU = Debug|Any CPU
		Release|Any CPU = Release|Any CPU
	EndGlobalSection
	GlobalSection(ProjectConfigurationPlatforms) = postSolution
		{60B91564-A688-4282-AF82-E1EEE3E492F5}.Debug|Any CPU.ActiveCfg = Debug|Any CPU
		{60B91564-A688-4282-AF82-E1EEE3E492F5}.Debug|Any CPU.Build.0 = Debug|Any CPU
		{60B91564-A688-4282-AF82-E1EEE3E492F5}.Release|Any CPU.ActiveCfg = Release|Any CPU
		{60B91564-A688-4282-AF82-E1EEE3E492F5}.Release|Any CPU.Build.0 = Release|Any CPU
	EndGlobalSection
	GlobalSection(SolutionProperties) = preSolution
		HideSolutionNode = FALSE
	EndGlobalSection
	GlobalSection(ExtensibilityGlobals) = postSolution
		SolutionGuid = {73DA0ACC-6E39-4B79-80D3-8A6D3C6D590D}
	EndGlobalSection
EndGlobal
